
Microsoft Visual Studio Solution File, Format Version 12.00
# Visual Studio Version 17
VisualStudioVersion = 17.8.34330.188
MinimumVisualStudioVersion = 10.0.40219.1
Project("{9A19103F-16F7-4668-BE54-9A1E7A4F7556}") = "eBookSystem", "eBookSystem\eBookSystem.csproj", "{4AE16EEE-10CA-403B-9272-8C91701163B0}"
EndProject
Project("{2150E333-8FDC-42A3-9474-1A3956D46DE8}") = "Solution Items", "Solution Items", "{F4D7BB01-B481-4750-85B2-19F40EFF1EC0}"
	ProjectSection(SolutionItems) = preProject
		.editorconfig = .editorconfig
	EndProjectSection
EndProject
Global
	GlobalSection(SolutionConfigurationPlatforms) = preSolution
		Debug|Any CPU = Debug|Any CPU
		Release|Any CPU = Release|Any CPU
	EndGlobalSection
	GlobalSection(ProjectConfigurationPlatforms) = postSolution
		{4AE16EEE-10CA-403B-9272-8C91701163B0}.Debug|Any CPU.ActiveCfg = Debug|Any CPU
		{4AE16EEE-10CA-403B-9272-8C91701163B0}.Debug|Any CPU.Build.0 = Debug|Any CPU
		{4AE16EEE-10CA-403B-9272-8C91701163B0}.Release|Any CPU.ActiveCfg = Release|Any CPU
		{4AE16EEE-10CA-403B-9272-8C91701163B0}.Release|Any CPU.Build.0 = Release|Any CPU
	EndGlobalSection
	GlobalSection(SolutionProperties) = preSolution
		HideSolutionNode = FALSE
	EndGlobalSection
	GlobalSection(ExtensibilityGlobals) = postSolution
		SolutionGuid = {CE0E7BD7-354A-4DF6-915E-BB9418D34141}
	EndGlobalSection
EndGlobal
